
Microsoft Visual Studio Solution File, Format Version 12.00
# Visual Studio 15
VisualStudioVersion = 15.0.26430.6
MinimumVisualStudioVersion = 10.0.40219.1
Project("{FAE04EC0-301F-11D3-BF4B-00C04F79EFBC}") = "PANDOradca.Android", "PANDOradca\PANDOradca.Android\PANDOradca.Android.csproj", "{3E9CA279-F690-4A35-B84A-91D91309F3B4}"
EndProject
Project("{FAE04EC0-301F-11D3-BF4B-00C04F79EFBC}") = "PANDOradca", "PANDOradca\PANDOradca\PANDOradca.csproj", "{0E8C2708-D8D3-4E67-BCF9-D17A70154BA7}"
EndProject
Project("{FAE04EC0-301F-11D3-BF4B-00C04F79EFBC}") = "PANDOradca.UWP", "PANDOradca\PANDOradca.UWP\PANDOradca.UWP.csproj", "{EE8E12B5-31AA-40B8-ABEB-C0BB915FE897}"
EndProject
Global
	GlobalSection(SolutionConfigurationPlatforms) = preSolution
		Ad-Hoc|Any CPU = Ad-Hoc|Any CPU
		Ad-Hoc|ARM = Ad-Hoc|ARM
		Ad-Hoc|iPhone = Ad-Hoc|iPhone
		Ad-Hoc|iPhoneSimulator = Ad-Hoc|iPhoneSimulator
		Ad-Hoc|x64 = Ad-Hoc|x64
		Ad-Hoc|x86 = Ad-Hoc|x86
		AppStore|Any CPU = AppStore|Any CPU
		AppStore|ARM = AppStore|ARM
		AppStore|iPhone = AppStore|iPhone
		AppStore|iPhoneSimulator = AppStore|iPhoneSimulator
		AppStore|x64 = AppStore|x64
		AppStore|x86 = AppStore|x86
		Debug|Any CPU = Debug|Any CPU
		Debug|ARM = Debug|ARM
		Debug|iPhone = Debug|iPhone
		Debug|iPhoneSimulator = Debug|iPhoneSimulator
		Debug|x64 = Debug|x64
		Debug|x86 = Debug|x86
		Release|Any CPU = Release|Any CPU
		Release|ARM = Release|ARM
		Release|iPhone = Release|iPhone
		Release|iPhoneSimulator = Release|iPhoneSimulator
		Release|x64 = Release|x64
		Release|x86 = Release|x86
	EndGlobalSection
	GlobalSection(ProjectConfigurationPlatforms) = postSolution
		{3E9CA279-F690-4A35-B84A-91D91309F3B4}.Ad-Hoc|Any CPU.ActiveCfg = Release|Any CPU
		{3E9CA279-F690-4A35-B84A-91D91309F3B4}.Ad-Hoc|Any CPU.Build.0 = Release|Any CPU
		{3E9CA279-F690-4A35-B84A-91D91309F3B4}.Ad-Hoc|Any CPU.Deploy.0 = Release|Any CPU
		{3E9CA279-F690-4A35-B84A-91D91309F3B4}.Ad-Hoc|ARM.ActiveCfg = Release|Any CPU
		{3E9CA279-F690-4A35-B84A-91D91309F3B4}.Ad-Hoc|ARM.Build.0 = Release|Any CPU
		{3E9CA279-F690-4A35-B84A-91D91309F3B4}.Ad-Hoc|ARM.Deploy.0 = Release|Any CPU
		{3E9CA279-F690-4A35-B84A-91D91309F3B4}.Ad-Hoc|iPhone.ActiveCfg = Release|Any CPU
		{3E9CA279-F690-4A35-B84A-91D91309F3B4}.Ad-Hoc|iPhone.Build.0 = Release|Any CPU
		{3E9CA279-F690-4A35-B84A-91D91309F3B4}.Ad-Hoc|iPhone.Deploy.0 = Release|Any CPU
		{3E9CA279-F690-4A35-B84A-91D91309F3B4}.Ad-Hoc|iPhoneSimulator.ActiveCfg = Release|Any CPU
		{3E9CA279-F690-4A35-B84A-91D91309F3B4}.Ad-Hoc|iPhoneSimulator.Build.0 = Release|Any CPU
		{3E9CA279-F690-4A35-B84A-91D91309F3B4}.Ad-Hoc|iPhoneSimulator.Deploy.0 = Release|Any CPU
		{3E9CA279-F690-4A35-B84A-91D91309F3B4}.Ad-Hoc|x64.ActiveCfg = Release|Any CPU
		{3E9CA279-F690-4A35-B84A-91D91309F3B4}.Ad-Hoc|x64.Build.0 = Release|Any CPU
		{3E9CA279-F690-4A35-B84A-91D91309F3B4}.Ad-Hoc|x64.Deploy.0 = Release|Any CPU
		{3E9CA279-F690-4A35-B84A-91D91309F3B4}.Ad-Hoc|x86.ActiveCfg = Release|Any CPU
		{3E9CA279-F690-4A35-B84A-91D91309F3B4}.Ad-Hoc|x86.Build.0 = Release|Any CPU
		{3E9CA279-F690-4A35-B84A-91D91309F3B4}.Ad-Hoc|x86.Deploy.0 = Release|Any CPU
		{3E9CA279-F690-4A35-B84A-91D91309F3B4}.AppStore|Any CPU.ActiveCfg = Release|Any CPU
		{3E9CA279-F690-4A35-B84A-91D91309F3B4}.AppStore|Any CPU.Build.0 = Release|Any CPU
		{3E9CA279-F690-4A35-B84A-91D91309F3B4}.AppStore|Any CPU.Deploy.0 = Release|Any CPU
		{3E9CA279-F690-4A35-B84A-91D91309F3B4}.AppStore|ARM.ActiveCfg = Release|Any CPU
		{3E9CA279-F690-4A35-B84A-91D91309F3B4}.AppStore|ARM.Build.0 = Release|Any CPU
		{3E9CA279-F690-4A35-B84A-91D91309F3B4}.AppStore|ARM.Deploy.0 = Release|Any CPU
		{3E9CA279-F690-4A35-B84A-91D91309F3B4}.AppStore|iPhone.ActiveCfg = Release|Any CPU
		{3E9CA279-F690-4A35-B84A-91D91309F3B4}.AppStore|iPhone.Build.0 = Release|Any CPU
		{3E9CA279-F690-4A35-B84A-91D91309F3B4}.AppStore|iPhone.Deploy.0 = Release|Any CPU
		{3E9CA279-F690-4A35-B84A-91D91309F3B4}.AppStore|iPhoneSimulator.ActiveCfg = Release|Any CPU
		{3E9CA279-F690-4A35-B84A-91D91309F3B4}.AppStore|iPhoneSimulator.Build.0 = Release|Any CPU
		{3E9CA279-F690-4A35-B84A-91D91309F3B4}.AppStore|iPhoneSimulator.Deploy.0 = Release|Any CPU
		{3E9CA279-F690-4A35-B84A-91D91309F3B4}.AppStore|x64.ActiveCfg = Release|Any CPU
		{3E9CA279-F690-4A35-B84A-91D91309F3B4}.AppStore|x64.Build.0 = Release|Any CPU
		{3E9CA279-F690-4A35-B84A-91D91309F3B4}.AppStore|x64.Deploy.0 = Release|Any CPU
		{3E9CA279-F690-4A35-B84A-91D91309F3B4}.AppStore|x86.ActiveCfg = Release|Any CPU
		{3E9CA279-F690-4A35-B84A-91D91309F3B4}.AppStore|x86.Build.0 = Release|Any CPU
		{3E9CA279-F690-4A35-B84A-91D91309F3B4}.AppStore|x86.Deploy.0 = Release|Any CPU
		{3E9CA279-F690-4A35-B84A-91D91309F3B4}.Debug|Any CPU.ActiveCfg = Debug|Any CPU
		{3E9CA279-F690-4A35-B84A-91D91309F3B4}.Debug|Any CPU.Build.0 = Debug|Any CPU
		{3E9CA279-F690-4A35-B84A-91D91309F3B4}.Debug|Any CPU.Deploy.0 = Debug|Any CPU
		{3E9CA279-F690-4A35-B84A-91D91309F3B4}.Debug|ARM.ActiveCfg = Debug|Any CPU
		{3E9CA279-F690-4A35-B84A-91D91309F3B4}.Debug|ARM.Build.0 = Debug|Any CPU
		{3E9CA279-F690-4A35-B84A-91D91309F3B4}.Debug|ARM.Deploy.0 = Debug|Any CPU
		{3E9CA279-F690-4A35-B84A-91D91309F3B4}.Debug|iPhone.ActiveCfg = Debug|Any CPU
		{3E9CA279-F690-4A35-B84A-91D91309F3B4}.Debug|iPhone.Build.0 = Debug|Any CPU
		{3E9CA279-F690-4A35-B84A-91D91309F3B4}.Debug|iPhone.Deploy.0 = Debug|Any CPU
		{3E9CA279-F690-4A35-B84A-91D91309F3B4}.Debug|iPhoneSimulator.ActiveCfg = Debug|Any CPU
		{3E9CA279-F690-4A35-B84A-91D91309F3B4}.Debug|iPhoneSimulator.Build.0 = Debug|Any CPU
		{3E9CA279-F690-4A35-B84A-91D91309F3B4}.Debug|iPhoneSimulator.Deploy.0 = Debug|Any CPU
		{3E9CA279-F690-4A35-B84A-91D91309F3B4}.Debug|x64.ActiveCfg = Debug|Any CPU
		{3E9CA279-F690-4A35-B84A-91D91309F3B4}.Debug|x64.Build.0 = Debug|Any CPU
		{3E9CA279-F690-4A35-B84A-91D91309F3B4}.Debug|x64.Deploy.0 = Debug|Any CPU
		{3E9CA279-F690-4A35-B84A-91D91309F3B4}.Debug|x86.ActiveCfg = Debug|Any CPU
		{3E9CA279-F690-4A35-B84A-91D91309F3B4}.Debug|x86.Build.0 = Debug|Any CPU
		{3E9CA279-F690-4A35-B84A-91D91309F3B4}.Debug|x86.Deploy.0 = Debug|Any CPU
		{3E9CA279-F690-4A35-B84A-91D91309F3B4}.Release|Any CPU.ActiveCfg = Release|Any CPU
		{3E9CA279-F690-4A35-B84A-91D91309F3B4}.Release|Any CPU.Build.0 = Release|Any CPU
		{3E9CA279-F690-4A35-B84A-91D91309F3B4}.Release|Any CPU.Deploy.0 = Release|Any CPU
		{3E9CA279-F690-4A35-B84A-91D91309F3B4}.Release|ARM.ActiveCfg = Release|Any CPU
		{3E9CA279-F690-4A35-B84A-91D91309F3B4}.Release|ARM.Build.0 = Release|Any CPU
		{3E9CA279-F690-4A35-B84A-91D91309F3B4}.Release|ARM.Deploy.0 = Release|Any CPU
		{3E9CA279-F690-4A35-B84A-91D91309F3B4}.Release|iPhone.ActiveCfg = Release|Any CPU
		{3E9CA279-F690-4A35-B84A-91D91309F3B4}.Release|iPhone.Build.0 = Release|Any CPU
		{3E9CA279-F690-4A35-B84A-91D91309F3B4}.Release|iPhone.Deploy.0 = Release|Any CPU
		{3E9CA279-F690-4A35-B84A-91D91309F3B4}.Release|iPhoneSimulator.ActiveCfg = Release|Any CPU
		{3E9CA279-F690-4A35-B84A-91D91309F3B4}.Release|iPhoneSimulator.Build.0 = Release|Any CPU
		{3E9CA279-F690-4A35-B84A-91D91309F3B4}.Release|iPhoneSimulator.Deploy.0 = Release|Any CPU
		{3E9CA279-F690-4A35-B84A-91D91309F3B4}.Release|x64.ActiveCfg = Release|Any CPU
		{3E9CA279-F690-4A35-B84A-91D91309F3B4}.Release|x64.Build.0 = Release|Any CPU
		{3E9CA279-F690-4A35-B84A-91D91309F3B4}.Release|x64.Deploy.0 = Release|Any CPU
		{3E9CA279-F690-4A35-B84A-91D91309F3B4}.Release|x86.ActiveCfg = Release|Any CPU
		{3E9CA279-F690-4A35-B84A-91D91309F3B4}.Release|x86.Build.0 = Release|Any CPU
		{3E9CA279-F690-4A35-B84A-91D91309F3B4}.Release|x86.Deploy.0 = Release|Any CPU
		{0E8C2708-D8D3-4E67-BCF9-D17A70154BA7}.Ad-Hoc|Any CPU.ActiveCfg = Release|Any CPU
		{0E8C2708-D8D3-4E67-BCF9-D17A70154BA7}.Ad-Hoc|Any CPU.Build.0 = Release|Any CPU
		{0E8C2708-D8D3-4E67-BCF9-D17A70154BA7}.Ad-Hoc|ARM.ActiveCfg = Release|Any CPU
		{0E8C2708-D8D3-4E67-BCF9-D17A70154BA7}.Ad-Hoc|ARM.Build.0 = Release|Any CPU
		{0E8C2708-D8D3-4E67-BCF9-D17A70154BA7}.Ad-Hoc|iPhone.ActiveCfg = Release|Any CPU
		{0E8C2708-D8D3-4E67-BCF9-D17A70154BA7}.Ad-Hoc|iPhone.Build.0 = Release|Any CPU
		{0E8C2708-D8D3-4E67-BCF9-D17A70154BA7}.Ad-Hoc|iPhoneSimulator.ActiveCfg = Release|Any CPU
		{0E8C2708-D8D3-4E67-BCF9-D17A70154BA7}.Ad-Hoc|iPhoneSimulator.Build.0 = Release|Any CPU
		{0E8C2708-D8D3-4E67-BCF9-D17A70154BA7}.Ad-Hoc|x64.ActiveCfg = Release|Any CPU
		{0E8C2708-D8D3-4E67-BCF9-D17A70154BA7}.Ad-Hoc|x64.Build.0 = Release|Any CPU
		{0E8C2708-D8D3-4E67-BCF9-D17A70154BA7}.Ad-Hoc|x86.ActiveCfg = Release|Any CPU
		{0E8C2708-D8D3-4E67-BCF9-D17A70154BA7}.Ad-Hoc|x86.Build.0 = Release|Any CPU
		{0E8C2708-D8D3-4E67-BCF9-D17A70154BA7}.AppStore|Any CPU.ActiveCfg = Release|Any CPU
		{0E8C2708-D8D3-4E67-BCF9-D17A70154BA7}.AppStore|Any CPU.Build.0 = Release|Any CPU
		{0E8C2708-D8D3-4E67-BCF9-D17A70154BA7}.AppStore|ARM.ActiveCfg = Release|Any CPU
		{0E8C2708-D8D3-4E67-BCF9-D17A70154BA7}.AppStore|ARM.Build.0 = Release|Any CPU
		{0E8C2708-D8D3-4E67-BCF9-D17A70154BA7}.AppStore|iPhone.ActiveCfg = Release|Any CPU
		{0E8C2708-D8D3-4E67-BCF9-D17A70154BA7}.AppStore|iPhone.Build.0 = Release|Any CPU
		{0E8C2708-D8D3-4E67-BCF9-D17A70154BA7}.AppStore|iPhoneSimulator.ActiveCfg = Release|Any CPU
		{0E8C2708-D8D3-4E67-BCF9-D17A70154BA7}.AppStore|iPhoneSimulator.Build.0 = Release|Any CPU
		{0E8C2708-D8D3-4E67-BCF9-D17A70154BA7}.AppStore|x64.ActiveCfg = Release|Any CPU
		{0E8C2708-D8D3-4E67-BCF9-D17A70154BA7}.AppStore|x64.Build.0 = Release|Any CPU
		{0E8C2708-D8D3-4E67-BCF9-D17A70154BA7}.AppStore|x86.ActiveCfg = Release|Any CPU
		{0E8C2708-D8D3-4E67-BCF9-D17A70154BA7}.AppStore|x86.Build.0 = Release|Any CPU
		{0E8C2708-D8D3-4E67-BCF9-D17A70154BA7}.Debug|Any CPU.ActiveCfg = Debug|Any CPU
		{0E8C2708-D8D3-4E67-BCF9-D17A70154BA7}.Debug|Any CPU.Build.0 = Debug|Any CPU
		{0E8C2708-D8D3-4E67-BCF9-D17A70154BA7}.Debug|ARM.ActiveCfg = Debug|Any CPU
		{0E8C2708-D8D3-4E67-BCF9-D17A70154BA7}.Debug|ARM.Build.0 = Debug|Any CPU
		{0E8C2708-D8D3-4E67-BCF9-D17A70154BA7}.Debug|iPhone.ActiveCfg = Debug|Any CPU
		{0E8C2708-D8D3-4E67-BCF9-D17A70154BA7}.Debug|iPhone.Build.0 = Debug|Any CPU
		{0E8C2708-D8D3-4E67-BCF9-D17A70154BA7}.Debug|iPhoneSimulator.ActiveCfg = Debug|Any CPU
		{0E8C2708-D8D3-4E67-BCF9-D17A70154BA7}.Debug|iPhoneSimulator.Build.0 = Debug|Any CPU
		{0E8C2708-D8D3-4E67-BCF9-D17A70154BA7}.Debug|x64.ActiveCfg = Debug|Any CPU
		{0E8C2708-D8D3-4E67-BCF9-D17A70154BA7}.Debug|x64.Build.0 = Debug|Any CPU
		{0E8C2708-D8D3-4E67-BCF9-D17A70154BA7}.Debug|x86.ActiveCfg = Debug|Any CPU
		{0E8C2708-D8D3-4E67-BCF9-D17A70154BA7}.Debug|x86.Build.0 = Debug|Any CPU
		{0E8C2708-D8D3-4E67-BCF9-D17A70154BA7}.Release|Any CPU.ActiveCfg = Release|Any CPU
		{0E8C2708-D8D3-4E67-BCF9-D17A70154BA7}.Release|Any CPU.Build.0 = Release|Any CPU
		{0E8C2708-D8D3-4E67-BCF9-D17A70154BA7}.Release|ARM.ActiveCfg = Release|Any CPU
		{0E8C2708-D8D3-4E67-BCF9-D17A70154BA7}.Release|ARM.Build.0 = Release|Any CPU
		{0E8C2708-D8D3-4E67-BCF9-D17A70154BA7}.Release|iPhone.ActiveCfg = Release|Any CPU
		{0E8C2708-D8D3-4E67-BCF9-D17A70154BA7}.Release|iPhone.Build.0 = Release|Any CPU
		{0E8C2708-D8D3-4E67-BCF9-D17A70154BA7}.Release|iPhoneSimulator.ActiveCfg = Release|Any CPU
		{0E8C2708-D8D3-4E67-BCF9-D17A70154BA7}.Release|iPhoneSimulator.Build.0 = Release|Any CPU
		{0E8C2708-D8D3-4E67-BCF9-D17A70154BA7}.Release|x64.ActiveCfg = Release|Any CPU
		{0E8C2708-D8D3-4E67-BCF9-D17A70154BA7}.Release|x64.Build.0 = Release|Any CPU
		{0E8C2708-D8D3-4E67-BCF9-D17A70154BA7}.Release|x86.ActiveCfg = Release|Any CPU
		{0E8C2708-D8D3-4E67-BCF9-D17A70154BA7}.Release|x86.Build.0 = Release|Any CPU
		{EE8E12B5-31AA-40B8-ABEB-C0BB915FE897}.Ad-Hoc|Any CPU.ActiveCfg = Release|x86
		{EE8E12B5-31AA-40B8-ABEB-C0BB915FE897}.Ad-Hoc|Any CPU.Build.0 = Release|x86
		{EE8E12B5-31AA-40B8-ABEB-C0BB915FE897}.Ad-Hoc|Any CPU.Deploy.0 = Release|x86
		{EE8E12B5-31AA-40B8-ABEB-C0BB915FE897}.Ad-Hoc|ARM.ActiveCfg = Release|ARM
		{EE8E12B5-31AA-40B8-ABEB-C0BB915FE897}.Ad-Hoc|ARM.Build.0 = Release|ARM
		{EE8E12B5-31AA-40B8-ABEB-C0BB915FE897}.Ad-Hoc|ARM.Deploy.0 = Release|ARM
		{EE8E12B5-31AA-40B8-ABEB-C0BB915FE897}.Ad-Hoc|iPhone.ActiveCfg = Release|x86
		{EE8E12B5-31AA-40B8-ABEB-C0BB915FE897}.Ad-Hoc|iPhone.Build.0 = Release|x86
		{EE8E12B5-31AA-40B8-ABEB-C0BB915FE897}.Ad-Hoc|iPhone.Deploy.0 = Release|x86
		{EE8E12B5-31AA-40B8-ABEB-C0BB915FE897}.Ad-Hoc|iPhoneSimulator.ActiveCfg = Release|x86
		{EE8E12B5-31AA-40B8-ABEB-C0BB915FE897}.Ad-Hoc|iPhoneSimulator.Build.0 = Release|x86
		{EE8E12B5-31AA-40B8-ABEB-C0BB915FE897}.Ad-Hoc|iPhoneSimulator.Deploy.0 = Release|x86
		{EE8E12B5-31AA-40B8-ABEB-C0BB915FE897}.Ad-Hoc|x64.ActiveCfg = Release|x64
		{EE8E12B5-31AA-40B8-ABEB-C0BB915FE897}.Ad-Hoc|x64.Build.0 = Release|x64
		{EE8E12B5-31AA-40B8-ABEB-C0BB915FE897}.Ad-Hoc|x64.Deploy.0 = Release|x64
		{EE8E12B5-31AA-40B8-ABEB-C0BB915FE897}.Ad-Hoc|x86.ActiveCfg = Release|x86
		{EE8E12B5-31AA-40B8-ABEB-C0BB915FE897}.Ad-Hoc|x86.Build.0 = Release|x86
		{EE8E12B5-31AA-40B8-ABEB-C0BB915FE897}.Ad-Hoc|x86.Deploy.0 = Release|x86
		{EE8E12B5-31AA-40B8-ABEB-C0BB915FE897}.AppStore|Any CPU.ActiveCfg = Release|x86
		{EE8E12B5-31AA-40B8-ABEB-C0BB915FE897}.AppStore|Any CPU.Build.0 = Release|x86
		{EE8E12B5-31AA-40B8-ABEB-C0BB915FE897}.AppStore|Any CPU.Deploy.0 = Release|x86
		{EE8E12B5-31AA-40B8-ABEB-C0BB915FE897}.AppStore|ARM.ActiveCfg = Release|ARM
		{EE8E12B5-31AA-40B8-ABEB-C0BB915FE897}.AppStore|ARM.Build.0 = Release|ARM
		{EE8E12B5-31AA-40B8-ABEB-C0BB915FE897}.AppStore|ARM.Deploy.0 = Release|ARM
		{EE8E12B5-31AA-40B8-ABEB-C0BB915FE897}.AppStore|iPhone.ActiveCfg = Release|x86
		{EE8E12B5-31AA-40B8-ABEB-C0BB915FE897}.AppStore|iPhone.Build.0 = Release|x86
		{EE8E12B5-31AA-40B8-ABEB-C0BB915FE897}.AppStore|iPhone.Deploy.0 = Release|x86
		{EE8E12B5-31AA-40B8-ABEB-C0BB915FE897}.AppStore|iPhoneSimulator.ActiveCfg = Release|x86
		{EE8E12B5-31AA-40B8-ABEB-C0BB915FE897}.AppStore|iPhoneSimulator.Build.0 = Release|x86
		{EE8E12B5-31AA-40B8-ABEB-C0BB915FE897}.AppStore|iPhoneSimulator.Deploy.0 = Release|x86
		{EE8E12B5-31AA-40B8-ABEB-C0BB915FE897}.AppStore|x64.ActiveCfg = Release|x64
		{EE8E12B5-31AA-40B8-ABEB-C0BB915FE897}.AppStore|x64.Build.0 = Release|x64
		{EE8E12B5-31AA-40B8-ABEB-C0BB915FE897}.AppStore|x64.Deploy.0 = Release|x64
		{EE8E12B5-31AA-40B8-ABEB-C0BB915FE897}.AppStore|x86.ActiveCfg = Release|x86
		{EE8E12B5-31AA-40B8-ABEB-C0BB915FE897}.AppStore|x86.Build.0 = Release|x86
		{EE8E12B5-31AA-40B8-ABEB-C0BB915FE897}.AppStore|x86.Deploy.0 = Release|x86
		{EE8E12B5-31AA-40B8-ABEB-C0BB915FE897}.Debug|Any CPU.ActiveCfg = Debug|x86
		{EE8E12B5-31AA-40B8-ABEB-C0BB915FE897}.Debug|Any CPU.Build.0 = Debug|x86
		{EE8E12B5-31AA-40B8-ABEB-C0BB915FE897}.Debug|Any CPU.Deploy.0 = Debug|x86
		{EE8E12B5-31AA-40B8-ABEB-C0BB915FE897}.Debug|ARM.ActiveCfg = Debug|ARM
		{EE8E12B5-31AA-40B8-ABEB-C0BB915FE897}.Debug|ARM.Build.0 = Debug|ARM
		{EE8E12B5-31AA-40B8-ABEB-C0BB915FE897}.Debug|ARM.Deploy.0 = Debug|ARM
		{EE8E12B5-31AA-40B8-ABEB-C0BB915FE897}.Debug|iPhone.ActiveCfg = Debug|x86
		{EE8E12B5-31AA-40B8-ABEB-C0BB915FE897}.Debug|iPhoneSimulator.ActiveCfg = Debug|x86
		{EE8E12B5-31AA-40B8-ABEB-C0BB915FE897}.Debug|x64.ActiveCfg = Debug|x64
		{EE8E12B5-31AA-40B8-ABEB-C0BB915FE897}.Debug|x64.Build.0 = Debug|x64
		{EE8E12B5-31AA-40B8-ABEB-C0BB915FE897}.Debug|x64.Deploy.0 = Debug|x64
		{EE8E12B5-31AA-40B8-ABEB-C0BB915FE897}.Debug|x86.ActiveCfg = Debug|x86
		{EE8E12B5-31AA-40B8-ABEB-C0BB915FE897}.Debug|x86.Build.0 = Debug|x86
		{EE8E12B5-31AA-40B8-ABEB-C0BB915FE897}.Debug|x86.Deploy.0 = Debug|x86
		{EE8E12B5-31AA-40B8-ABEB-C0BB915FE897}.Release|Any CPU.ActiveCfg = Release|x86
		{EE8E12B5-31AA-40B8-ABEB-C0BB915FE897}.Release|ARM.ActiveCfg = Release|ARM
		{EE8E12B5-31AA-40B8-ABEB-C0BB915FE897}.Release|ARM.Build.0 = Release|ARM
		{EE8E12B5-31AA-40B8-ABEB-C0BB915FE897}.Release|ARM.Deploy.0 = Release|ARM
		{EE8E12B5-31AA-40B8-ABEB-C0BB915FE897}.Release|iPhone.ActiveCfg = Release|x86
		{EE8E12B5-31AA-40B8-ABEB-C0BB915FE897}.Release|iPhoneSimulator.ActiveCfg = Release|x86
		{EE8E12B5-31AA-40B8-ABEB-C0BB915FE897}.Release|x64.ActiveCfg = Release|x64
		{EE8E12B5-31AA-40B8-ABEB-C0BB915FE897}.Release|x64.Build.0 = Release|x64
		{EE8E12B5-31AA-40B8-ABEB-C0BB915FE897}.Release|x64.Deploy.0 = Release|x64
		{EE8E12B5-31AA-40B8-ABEB-C0BB915FE897}.Release|x86.ActiveCfg = Release|x86
		{EE8E12B5-31AA-40B8-ABEB-C0BB915FE897}.Release|x86.Build.0 = Release|x86
		{EE8E12B5-31AA-40B8-ABEB-C0BB915FE897}.Release|x86.Deploy.0 = Release|x86
	EndGlobalSection
	GlobalSection(SolutionProperties) = preSolution
		HideSolutionNode = FALSE
	EndGlobalSection
EndGlobal
